
Microsoft Visual Studio Solution File, Format Version 12.00
# Visual Studio Version 17
VisualStudioVersion = 17.0.31912.275
MinimumVisualStudioVersion = 10.0.40219.1
Project("{FAE04EC0-301F-11D3-BF4B-00C04F79EFBC}") = "CafeAndRestaurantCheck_EF_Core", "CafeAndRestaurantCheck_EF_Core\CafeAndRestaurantCheck_EF_Core.csproj", "{1E96A768-9A4D-47C3-8083-0B5FDEEC8418}"
EndProject
Global
	GlobalSection(SolutionConfigurationPlatforms) = preSolution
		Debug|Any CPU = Debug|Any CPU
		Release|Any CPU = Release|Any CPU
	EndGlobalSection
	GlobalSection(ProjectConfigurationPlatforms) = postSolution
		{1E96A768-9A4D-47C3-8083-0B5FDEEC8418}.Debug|Any CPU.ActiveCfg = Debug|Any CPU
		{1E96A768-9A4D-47C3-8083-0B5FDEEC8418}.Debug|Any CPU.Build.0 = Debug|Any CPU
		{1E96A768-9A4D-47C3-8083-0B5FDEEC8418}.Release|Any CPU.ActiveCfg = Release|Any CPU
		{1E96A768-9A4D-47C3-8083-0B5FDEEC8418}.Release|Any CPU.Build.0 = Release|Any CPU
	EndGlobalSection
	GlobalSection(SolutionProperties) = preSolution
		HideSolutionNode = FALSE
	EndGlobalSection
	GlobalSection(ExtensibilityGlobals) = postSolution
		SolutionGuid = {A480971D-95BF-443A-909D-6CAB94E707BF}
	EndGlobalSection
EndGlobal
